
Microsoft Visual Studio Solution File, Format Version 12.00
# Visual Studio 2012
Project("{FAE04EC0-301F-11D3-BF4B-00C04F79EFBC}") = "Wpf_Parcheggio", "Wpf_Parcheggio\Wpf_Parcheggio.csproj", "{05358EB3-5AC1-469A-8B0E-34F66B5DD4DA}"
EndProject
Global
	GlobalSection(SolutionConfigurationPlatforms) = preSolution
		Debug|Any CPU = Debug|Any CPU
		Release|Any CPU = Release|Any CPU
	EndGlobalSection
	GlobalSection(ProjectConfigurationPlatforms) = postSolution
		{05358EB3-5AC1-469A-8B0E-34F66B5DD4DA}.Debug|Any CPU.ActiveCfg = Debug|Any CPU
		{05358EB3-5AC1-469A-8B0E-34F66B5DD4DA}.Debug|Any CPU.Build.0 = Debug|Any CPU
		{05358EB3-5AC1-469A-8B0E-34F66B5DD4DA}.Release|Any CPU.ActiveCfg = Release|Any CPU
		{05358EB3-5AC1-469A-8B0E-34F66B5DD4DA}.Release|Any CPU.Build.0 = Release|Any CPU
	EndGlobalSection
	GlobalSection(SolutionProperties) = preSolution
		HideSolutionNode = FALSE
	EndGlobalSection
EndGlobal
